{
  "name": "clone",
  "version": "1.0.0",
  "lockfileVersion": 1,
  "requires": true,
  "dependencies": {
    "@vadim2107/ajs": {
      "version": "1.0.0",
      "resolved": "https://npm.pkg.github.com/download/@vadim2107/ajs/1.0.0/cc22d3a59435ec208d33e8b780c8223b809d7a9bebede57b57c0f2d11bd009cf",
      "integrity": "sha512-XPKI1OaU8QgrAHT6VFNyRMqVD/qCAfKCia7b5Mn8gpEKZkigU3X0Qh/CGwLBBULU+1EFns9xYtJR2EbwjyZnqg=="
    }
  }
}
